
Microsoft Visual Studio Solution File, Format Version 12.00
# Visual Studio Version 16
VisualStudioVersion = 16.0.32901.82
MinimumVisualStudioVersion = 10.0.40219.1
Project("{FAE04EC0-301F-11D3-BF4B-00C04F79EFBC}") = "proyectocliente", "proyectocliente\proyectocliente.csproj", "{13BB42A1-5959-4FAB-B85F-51174D71BA26}"
EndProject
Project("{FAE04EC0-301F-11D3-BF4B-00C04F79EFBC}") = "INICIO", "INICIO\INICIO.csproj", "{36D1F8D2-6505-46A0-A84B-049590EF634A}"
EndProject
Global
	GlobalSection(SolutionConfigurationPlatforms) = preSolution
		Debug|Any CPU = Debug|Any CPU
		Release|Any CPU = Release|Any CPU
	EndGlobalSection
	GlobalSection(ProjectConfigurationPlatforms) = postSolution
		{13BB42A1-5959-4FAB-B85F-51174D71BA26}.Debug|Any CPU.ActiveCfg = Debug|Any CPU
		{13BB42A1-5959-4FAB-B85F-51174D71BA26}.Debug|Any CPU.Build.0 = Debug|Any CPU
		{13BB42A1-5959-4FAB-B85F-51174D71BA26}.Release|Any CPU.ActiveCfg = Release|Any CPU
		{13BB42A1-5959-4FAB-B85F-51174D71BA26}.Release|Any CPU.Build.0 = Release|Any CPU
		{36D1F8D2-6505-46A0-A84B-049590EF634A}.Debug|Any CPU.ActiveCfg = Debug|Any CPU
		{36D1F8D2-6505-46A0-A84B-049590EF634A}.Debug|Any CPU.Build.0 = Debug|Any CPU
		{36D1F8D2-6505-46A0-A84B-049590EF634A}.Release|Any CPU.ActiveCfg = Release|Any CPU
		{36D1F8D2-6505-46A0-A84B-049590EF634A}.Release|Any CPU.Build.0 = Release|Any CPU
	EndGlobalSection
	GlobalSection(SolutionProperties) = preSolution
		HideSolutionNode = FALSE
	EndGlobalSection
	GlobalSection(ExtensibilityGlobals) = postSolution
		SolutionGuid = {B930393E-6ADE-4B0D-830A-70CE3B15CA4E}
	EndGlobalSection
EndGlobal
